
Microsoft Visual Studio Solution File, Format Version 12.00
# Visual Studio 15
VisualStudioVersion = 15.0.27428.2015
MinimumVisualStudioVersion = 10.0.40219.1
Project("{FAE04EC0-301F-11D3-BF4B-00C04F79EFBC}") = "LinePlayer", "LinePlayer\LinePlayer.csproj", "{5FD6AD2F-3A2F-4BED-BE75-57677997E084}"
EndProject
Project("{FAE04EC0-301F-11D3-BF4B-00C04F79EFBC}") = "LRCPlayer", "LRCPlayer\LRCPlayer.csproj", "{6EB1402D-1B98-41F2-B811-D04267D20EF4}"
EndProject
Global
	GlobalSection(SolutionConfigurationPlatforms) = preSolution
		Debug|Any CPU = Debug|Any CPU
		Release|Any CPU = Release|Any CPU
	EndGlobalSection
	GlobalSection(ProjectConfigurationPlatforms) = postSolution
		{5FD6AD2F-3A2F-4BED-BE75-57677997E084}.Debug|Any CPU.ActiveCfg = Debug|Any CPU
		{5FD6AD2F-3A2F-4BED-BE75-57677997E084}.Debug|Any CPU.Build.0 = Debug|Any CPU
		{5FD6AD2F-3A2F-4BED-BE75-57677997E084}.Release|Any CPU.ActiveCfg = Release|Any CPU
		{5FD6AD2F-3A2F-4BED-BE75-57677997E084}.Release|Any CPU.Build.0 = Release|Any CPU
		{6EB1402D-1B98-41F2-B811-D04267D20EF4}.Debug|Any CPU.ActiveCfg = Debug|Any CPU
		{6EB1402D-1B98-41F2-B811-D04267D20EF4}.Debug|Any CPU.Build.0 = Debug|Any CPU
		{6EB1402D-1B98-41F2-B811-D04267D20EF4}.Release|Any CPU.ActiveCfg = Release|Any CPU
		{6EB1402D-1B98-41F2-B811-D04267D20EF4}.Release|Any CPU.Build.0 = Release|Any CPU
	EndGlobalSection
	GlobalSection(SolutionProperties) = preSolution
		HideSolutionNode = FALSE
	EndGlobalSection
	GlobalSection(ExtensibilityGlobals) = postSolution
		SolutionGuid = {04B71F23-B633-420F-BCF9-0A4C444B7161}
	EndGlobalSection
EndGlobal
